<?xml version="1.0" encoding="utf-8"?>
<Project ToolsVersion="4.0" xmlns="http://schemas.microsoft.com/developer/msbuild/2003">
  <ItemGroup>
    <Filter Include="Source Files">
      <UniqueIdentifier>{4FC737F1-C7A5-4376-A066-2A32D752A2FF}</UniqueIdentifier>
      <Extensions>cpp;c;cc;cxx;def;odl;idl;hpj;bat;asm;asmx</Extensions>
    </Filter>
    <Filter Include="Header Files">
      <UniqueIdentifier>{93995380-89BD-4b04-88EB-625FBE52EBFB}</UniqueIdentifier>
      <Extensions>h;hpp;hxx;hm;inl;inc;xsd</Extensions>
    </Filter>
    <Filter Include="Resource Files">
      <UniqueIdentifier>{67DA6AB6-F800-4c08-8B7A-83BB121AAD01}</UniqueIdentifier>
      <Extensions>rc;ico;cur;bmp;dlg;rc2;rct;bin;rgs;gif;jpg;jpeg;jpe;resx;tiff;tif;png;wav</Extensions>
    </Filter>
    <Filter Include="ci">
      <UniqueIdentifier>{fb052750-3555-419e-9465-31cec3dc373c}</UniqueIdentifier>
    </Filter>
    <Filter Include="ci\libBase">
      <UniqueIdentifier>{6a994b5e-07c6-42e8-b90a-85c3ccd0515a}</UniqueIdentifier>
    </Filter>
    <Filter Include="skpark">
      <UniqueIdentifier>{d46290c4-d272-4c20-8324-c3f5c6177222}</UniqueIdentifier>
    </Filter>
  </ItemGroup>
  <ItemGroup>
    <ClCompile Include="AudioPlayer.cpp">
      <Filter>Source Files</Filter>
    </ClCompile>
    <ClCompile Include="CustomCtrlDlg.cpp">
      <Filter>Source Files</Filter>
    </ClCompile>
    <ClCompile Include="CustomStrobeInfoDlg.cpp">
      <Filter>Source Files</Filter>
    </ClCompile>
    <ClCompile Include="CustomTriggerInfoDlg.cpp">
      <Filter>Source Files</Filter>
    </ClCompile>
    <ClCompile Include="DeviceInfoDlg.cpp">
      <Filter>Source Files</Filter>
    </ClCompile>
    <ClCompile Include="DigitalIOInfoDlg.cpp">
      <Filter>Source Files</Filter>
    </ClCompile>
    <ClCompile Include="DynamicDNSInfoDlg.cpp">
      <Filter>Source Files</Filter>
    </ClCompile>
    <ClCompile Include="EventScheduleInfoDlg.cpp">
      <Filter>Source Files</Filter>
    </ClCompile>
    <ClCompile Include="EventTriggerInfoDlg.cpp">
      <Filter>Source Files</Filter>
    </ClCompile>
    <ClCompile Include="FeatureInfoDlg.cpp">
      <Filter>Source Files</Filter>
    </ClCompile>
    <ClCompile Include="MotionInfoDlg.cpp">
      <Filter>Source Files</Filter>
    </ClCompile>
    <ClCompile Include="NetworkIPAddrInfoDlg.cpp">
      <Filter>Source Files</Filter>
    </ClCompile>
    <ClCompile Include="NetworkIPFilterInfoDlg.cpp">
      <Filter>Source Files</Filter>
    </ClCompile>
    <ClCompile Include="NotifyMailingInfoDlg.cpp">
      <Filter>Source Files</Filter>
    </ClCompile>
    <ClCompile Include="OverlayTextInfoDlg.cpp">
      <Filter>Source Files</Filter>
    </ClCompile>
    <ClCompile Include="Player_g711c.cpp">
      <Filter>Source Files</Filter>
    </ClCompile>
    <ClCompile Include="PPPoEInfoDlg.cpp">
      <Filter>Source Files</Filter>
    </ClCompile>
    <ClCompile Include="PrivacyMaskInfoDlg.cpp">
      <Filter>Source Files</Filter>
    </ClCompile>
    <ClCompile Include="SerialPortInfoDlg.cpp">
      <Filter>Source Files</Filter>
    </ClCompile>
    <ClCompile Include="SNMPInfoDlg.cpp">
      <Filter>Source Files</Filter>
    </ClCompile>
    <ClCompile Include="stdafx.cpp">
      <Filter>Source Files</Filter>
    </ClCompile>
    <ClCompile Include="StreamInfoDlg.cpp">
      <Filter>Source Files</Filter>
    </ClCompile>
    <ClCompile Include="StreamingDlg.cpp">
      <Filter>Source Files</Filter>
    </ClCompile>
    <ClCompile Include="StreamROIInfoDlg.cpp">
      <Filter>Source Files</Filter>
    </ClCompile>
    <ClCompile Include="ThermalCorrectionInfoDlg.cpp">
      <Filter>Source Files</Filter>
    </ClCompile>
    <ClCompile Include="ThermalCtrlInfoDlg.cpp">
      <Filter>Source Files</Filter>
    </ClCompile>
    <ClCompile Include="ThermalRegionInfoDlg.cpp">
      <Filter>Source Files</Filter>
    </ClCompile>
    <ClCompile Include="ThermalSpotInfoDlg.cpp">
      <Filter>Source Files</Filter>
    </ClCompile>
    <ClCompile Include="ThermalTempInfoDlg.cpp">
      <Filter>Source Files</Filter>
    </ClCompile>
    <ClCompile Include="TimeInfoDlg.cpp">
      <Filter>Source Files</Filter>
    </ClCompile>
    <ClCompile Include="UserInfoDlg.cpp">
      <Filter>Source Files</Filter>
    </ClCompile>
    <ClCompile Include="WaitDlg.cpp">
      <Filter>Source Files</Filter>
    </ClCompile>
    <ClCompile Include="ci\libBase\ciArgParser.cpp">
      <Filter>ci\libBase</Filter>
    </ClCompile>
    <ClCompile Include="ci\libBase\ciErrObject.cpp">
      <Filter>ci\libBase</Filter>
    </ClCompile>
    <ClCompile Include="ci\libBase\ciStringTokenizer.cpp">
      <Filter>ci\libBase</Filter>
    </ClCompile>
    <ClCompile Include="ci\libBase\ciStringUtil.cpp">
      <Filter>ci\libBase</Filter>
    </ClCompile>
    <ClCompile Include="ci\libBase\ciTime.cpp">
      <Filter>ci\libBase</Filter>
    </ClCompile>
    <ClCompile Include="ci\libBase\ciUtil.cpp">
      <Filter>ci\libBase</Filter>
    </ClCompile>
    <ClCompile Include="ci\libBase\ciWin32DLL.cpp">
      <Filter>ci\libBase</Filter>
    </ClCompile>
    <ClCompile Include="skpark\FireProcess.cpp">
      <Filter>skpark</Filter>
    </ClCompile>
    <ClCompile Include="skpark\sockUtil.cpp">
      <Filter>skpark</Filter>
    </ClCompile>
    <ClCompile Include="FireGuardCamera.cpp">
      <Filter>Source Files</Filter>
    </ClCompile>
    <ClCompile Include="FireGuardCameraDlg.cpp">
      <Filter>Source Files</Filter>
    </ClCompile>
    <ClCompile Include="skpark\util.cpp">
      <Filter>skpark</Filter>
    </ClCompile>
    <ClCompile Include="skpark\NetworkAdapter.cpp">
      <Filter>skpark</Filter>
    </ClCompile>
    <ClCompile Include="ThermalDetailDlg.cpp">
      <Filter>Source Files</Filter>
    </ClCompile>
  </ItemGroup>
  <ItemGroup>
    <ClInclude Include="AudioPlayer.h">
      <Filter>Header Files</Filter>
    </ClInclude>
    <ClInclude Include="CustomCtrlDlg.h">
      <Filter>Header Files</Filter>
    </ClInclude>
    <ClInclude Include="CustomStrobeInfoDlg.h">
      <Filter>Header Files</Filter>
    </ClInclude>
    <ClInclude Include="CustomTriggerInfoDlg.h">
      <Filter>Header Files</Filter>
    </ClInclude>
    <ClInclude Include="DeviceInfoDlg.h">
      <Filter>Header Files</Filter>
    </ClInclude>
    <ClInclude Include="DigitalIOInfoDlg.h">
      <Filter>Header Files</Filter>
    </ClInclude>
    <ClInclude Include="DynamicDNSInfoDlg.h">
      <Filter>Header Files</Filter>
    </ClInclude>
    <ClInclude Include="EventScheduleInfoDlg.h">
      <Filter>Header Files</Filter>
    </ClInclude>
    <ClInclude Include="EventTriggerInfoDlg.h">
      <Filter>Header Files</Filter>
    </ClInclude>
    <ClInclude Include="FeatureInfoDlg.h">
      <Filter>Header Files</Filter>
    </ClInclude>
    <ClInclude Include="MotionInfoDlg.h">
      <Filter>Header Files</Filter>
    </ClInclude>
    <ClInclude Include="NetworkIPAddrInfoDlg.h">
      <Filter>Header Files</Filter>
    </ClInclude>
    <ClInclude Include="NetworkIPFilterInfoDlg.h">
      <Filter>Header Files</Filter>
    </ClInclude>
    <ClInclude Include="NotifyMailingInfoDlg.h">
      <Filter>Header Files</Filter>
    </ClInclude>
    <ClInclude Include="OverlayTextInfoDlg.h">
      <Filter>Header Files</Filter>
    </ClInclude>
    <ClInclude Include="Player_g711c.h">
      <Filter>Header Files</Filter>
    </ClInclude>
    <ClInclude Include="PPPoEInfoDlg.h">
      <Filter>Header Files</Filter>
    </ClInclude>
    <ClInclude Include="PrivacyMaskInfoDlg.h">
      <Filter>Header Files</Filter>
    </ClInclude>
    <ClInclude Include="Resource.h">
      <Filter>Header Files</Filter>
    </ClInclude>
    <ClInclude Include="SerialPortInfoDlg.h">
      <Filter>Header Files</Filter>
    </ClInclude>
    <ClInclude Include="SetupDlg.h">
      <Filter>Header Files</Filter>
    </ClInclude>
    <ClInclude Include="SNMPInfoDlg.h">
      <Filter>Header Files</Filter>
    </ClInclude>
    <ClInclude Include="stdafx.h">
      <Filter>Header Files</Filter>
    </ClInclude>
    <ClInclude Include="StreamInfoDlg.h">
      <Filter>Header Files</Filter>
    </ClInclude>
    <ClInclude Include="StreamingDlg.h">
      <Filter>Header Files</Filter>
    </ClInclude>
    <ClInclude Include="StreamROIInfoDlg.h">
      <Filter>Header Files</Filter>
    </ClInclude>
    <ClInclude Include="targetver.h">
      <Filter>Header Files</Filter>
    </ClInclude>
    <ClInclude Include="ThermalCorrectionInfoDlg.h">
      <Filter>Header Files</Filter>
    </ClInclude>
    <ClInclude Include="ThermalCtrlInfoDlg.h">
      <Filter>Header Files</Filter>
    </ClInclude>
    <ClInclude Include="ThermalRegionInfoDlg.h">
      <Filter>Header Files</Filter>
    </ClInclude>
    <ClInclude Include="ThermalSpotInfoDlg.h">
      <Filter>Header Files</Filter>
    </ClInclude>
    <ClInclude Include="ThermalTempInfoDlg.h">
      <Filter>Header Files</Filter>
    </ClInclude>
    <ClInclude Include="TimeInfoDlg.h">
      <Filter>Header Files</Filter>
    </ClInclude>
    <ClInclude Include="UserInfoDlg.h">
      <Filter>Header Files</Filter>
    </ClInclude>
    <ClInclude Include="WaitDlg.h">
      <Filter>Header Files</Filter>
    </ClInclude>
    <ClInclude Include="ci\libBase\ciArgParser.h">
      <Filter>ci\libBase</Filter>
    </ClInclude>
    <ClInclude Include="ci\libBase\ciBaseType.h">
      <Filter>ci\libBase</Filter>
    </ClInclude>
    <ClInclude Include="ci\libBase\ciErrObject.h">
      <Filter>ci\libBase</Filter>
    </ClInclude>
    <ClInclude Include="ci\libBase\ciListType.h">
      <Filter>ci\libBase</Filter>
    </ClInclude>
    <ClInclude Include="ci\libBase\ciMacro.h">
      <Filter>ci\libBase</Filter>
    </ClInclude>
    <ClInclude Include="ci\libBase\ciPointer.h">
      <Filter>ci\libBase</Filter>
    </ClInclude>
    <ClInclude Include="ci\libBase\ciStringTokenizer.h">
      <Filter>ci\libBase</Filter>
    </ClInclude>
    <ClInclude Include="ci\libBase\ciStringUtil.h">
      <Filter>ci\libBase</Filter>
    </ClInclude>
    <ClInclude Include="ci\libBase\ciTime.h">
      <Filter>ci\libBase</Filter>
    </ClInclude>
    <ClInclude Include="ci\libBase\ciUtil.h">
      <Filter>ci\libBase</Filter>
    </ClInclude>
    <ClInclude Include="ci\libBase\ciWin32DLL.h">
      <Filter>ci\libBase</Filter>
    </ClInclude>
    <ClInclude Include="skpark\TraceLog.h">
      <Filter>skpark</Filter>
    </ClInclude>
    <ClInclude Include="skpark\FireProcess.h">
      <Filter>skpark</Filter>
    </ClInclude>
    <ClInclude Include="skpark\sockUtil.h">
      <Filter>skpark</Filter>
    </ClInclude>
    <ClInclude Include="FireGuardCameraDlg.h">
      <Filter>Header Files</Filter>
    </ClInclude>
    <ClInclude Include="FireGuardCamera.h">
      <Filter>Header Files</Filter>
    </ClInclude>
    <ClInclude Include="skpark\util.h">
      <Filter>skpark</Filter>
    </ClInclude>
    <ClInclude Include="skpark\NetworkAdapter.h">
      <Filter>skpark</Filter>
    </ClInclude>
    <ClInclude Include="ThermalDetailDlg.h">
      <Filter>Header Files</Filter>
    </ClInclude>
  </ItemGroup>
  <ItemGroup>
    <Image Include="res\FireGuardCamera.ico">
      <Filter>Resource Files</Filter>
    </Image>
  </ItemGroup>
  <ItemGroup>
    <ResourceCompile Include="FireGuardCamera.rc">
      <Filter>Resource Files</Filter>
    </ResourceCompile>
  </ItemGroup>
  <ItemGroup>
    <None Include="res\FireGuardCamera.rc2">
      <Filter>Resource Files</Filter>
    </None>
    <None Include="ci\libBase\Makefile">
      <Filter>ci\libBase</Filter>
    </None>
  </ItemGroup>
  <ItemGroup>
    <Text Include="ReadMe.txt" />
  </ItemGroup>
</Project>